
Microsoft Visual Studio Solution File, Format Version 12.00
# Visual Studio Version 16
VisualStudioVersion = 16.0.30320.27
MinimumVisualStudioVersion = 10.0.40219.1
Project("{FAE04EC0-301F-11D3-BF4B-00C04F79EFBC}") = "FantasyFootballMidterm", "FantasyFootballMidterm\FantasyFootballMidterm.csproj", "{24E32B96-EA5E-453B-BBC4-664CBB435257}"
EndProject
Global
	GlobalSection(SolutionConfigurationPlatforms) = preSolution
		Debug|Any CPU = Debug|Any CPU
		Release|Any CPU = Release|Any CPU
	EndGlobalSection
	GlobalSection(ProjectConfigurationPlatforms) = postSolution
		{24E32B96-EA5E-453B-BBC4-664CBB435257}.Debug|Any CPU.ActiveCfg = Debug|Any CPU
		{24E32B96-EA5E-453B-BBC4-664CBB435257}.Debug|Any CPU.Build.0 = Debug|Any CPU
		{24E32B96-EA5E-453B-BBC4-664CBB435257}.Release|Any CPU.ActiveCfg = Release|Any CPU
		{24E32B96-EA5E-453B-BBC4-664CBB435257}.Release|Any CPU.Build.0 = Release|Any CPU
	EndGlobalSection
	GlobalSection(SolutionProperties) = preSolution
		HideSolutionNode = FALSE
	EndGlobalSection
	GlobalSection(ExtensibilityGlobals) = postSolution
		SolutionGuid = {44BADB34-C85F-4E18-8DAB-9CFF64B20273}
	EndGlobalSection
EndGlobal
